
Microsoft Visual Studio Solution File, Format Version 12.00
# Visual Studio Version 16
VisualStudioVersion = 16.0.29728.190
MinimumVisualStudioVersion = 10.0.40219.1
Project("{FAE04EC0-301F-11D3-BF4B-00C04F79EFBC}") = "Lab8_3", "Lab8_3\Lab8_3.csproj", "{07428CEC-26FA-4543-894F-F3CFDFB11B61}"
EndProject
Global
	GlobalSection(SolutionConfigurationPlatforms) = preSolution
		Debug|Any CPU = Debug|Any CPU
		Release|Any CPU = Release|Any CPU
	EndGlobalSection
	GlobalSection(ProjectConfigurationPlatforms) = postSolution
		{07428CEC-26FA-4543-894F-F3CFDFB11B61}.Debug|Any CPU.ActiveCfg = Debug|Any CPU
		{07428CEC-26FA-4543-894F-F3CFDFB11B61}.Debug|Any CPU.Build.0 = Debug|Any CPU
		{07428CEC-26FA-4543-894F-F3CFDFB11B61}.Release|Any CPU.ActiveCfg = Release|Any CPU
		{07428CEC-26FA-4543-894F-F3CFDFB11B61}.Release|Any CPU.Build.0 = Release|Any CPU
	EndGlobalSection
	GlobalSection(SolutionProperties) = preSolution
		HideSolutionNode = FALSE
	EndGlobalSection
	GlobalSection(ExtensibilityGlobals) = postSolution
		SolutionGuid = {569F2CB4-9898-4379-B5A9-18C30590A530}
	EndGlobalSection
EndGlobal
